
Microsoft Visual Studio Solution File, Format Version 12.00
# Visual Studio Version 17
VisualStudioVersion = 17.5.002.0
MinimumVisualStudioVersion = 10.0.40219.1
Project("{2150E333-8FDC-42A3-9474-1A3956D46DE8}") = "Iot", "Iot", "{730D7E57-55F2-4BCD-869F-A9D162494048}"
EndProject
Project("{9A19103F-16F7-4668-BE54-9A1E7A4F7556}") = "server", "Iot\server\server.csproj", "{4BA0F445-B36E-466A-BC0C-ACE2D80E9298}"
EndProject
Global
	GlobalSection(SolutionConfigurationPlatforms) = preSolution
		Debug|Any CPU = Debug|Any CPU
		Release|Any CPU = Release|Any CPU
	EndGlobalSection
	GlobalSection(ProjectConfigurationPlatforms) = postSolution
		{4BA0F445-B36E-466A-BC0C-ACE2D80E9298}.Debug|Any CPU.ActiveCfg = Debug|Any CPU
		{4BA0F445-B36E-466A-BC0C-ACE2D80E9298}.Debug|Any CPU.Build.0 = Debug|Any CPU
		{4BA0F445-B36E-466A-BC0C-ACE2D80E9298}.Release|Any CPU.ActiveCfg = Release|Any CPU
		{4BA0F445-B36E-466A-BC0C-ACE2D80E9298}.Release|Any CPU.Build.0 = Release|Any CPU
	EndGlobalSection
	GlobalSection(SolutionProperties) = preSolution
		HideSolutionNode = FALSE
	EndGlobalSection
	GlobalSection(NestedProjects) = preSolution
		{4BA0F445-B36E-466A-BC0C-ACE2D80E9298} = {730D7E57-55F2-4BCD-869F-A9D162494048}
	EndGlobalSection
	GlobalSection(ExtensibilityGlobals) = postSolution
		SolutionGuid = {53A4B230-0C89-495C-9766-0C94AE0D96A4}
	EndGlobalSection
EndGlobal
