
Microsoft Visual Studio Solution File, Format Version 12.00
# Visual Studio Version 17
VisualStudioVersion = 17.5.002.0
MinimumVisualStudioVersion = 10.0.40219.1
Project("{9A19103F-16F7-4668-BE54-9A1E7A4F7556}") = "Exercise1", "Exercise1\Exercise1.csproj", "{7773A3FE-B36F-4B60-B394-F2727C8471CF}"
EndProject
Global
	GlobalSection(SolutionConfigurationPlatforms) = preSolution
		Debug|Any CPU = Debug|Any CPU
		Release|Any CPU = Release|Any CPU
	EndGlobalSection
	GlobalSection(ProjectConfigurationPlatforms) = postSolution
		{7773A3FE-B36F-4B60-B394-F2727C8471CF}.Debug|Any CPU.ActiveCfg = Debug|Any CPU
		{7773A3FE-B36F-4B60-B394-F2727C8471CF}.Debug|Any CPU.Build.0 = Debug|Any CPU
		{7773A3FE-B36F-4B60-B394-F2727C8471CF}.Release|Any CPU.ActiveCfg = Release|Any CPU
		{7773A3FE-B36F-4B60-B394-F2727C8471CF}.Release|Any CPU.Build.0 = Release|Any CPU
	EndGlobalSection
	GlobalSection(SolutionProperties) = preSolution
		HideSolutionNode = FALSE
	EndGlobalSection
	GlobalSection(ExtensibilityGlobals) = postSolution
		SolutionGuid = {E785DC9C-E9BE-4698-B9A7-4B176A81E602}
	EndGlobalSection
EndGlobal
