
Microsoft Visual Studio Solution File, Format Version 12.00
# Visual Studio Version 17
VisualStudioVersion = 17.5.002.0
MinimumVisualStudioVersion = 10.0.40219.1
Project("{9A19103F-16F7-4668-BE54-9A1E7A4F7556}") = "Excercise1", "Excercise1\Excercise1.csproj", "{830793BF-FE89-428D-9926-D1F4E14960C1}"
EndProject
Global
	GlobalSection(SolutionConfigurationPlatforms) = preSolution
		Debug|Any CPU = Debug|Any CPU
		Release|Any CPU = Release|Any CPU
	EndGlobalSection
	GlobalSection(ProjectConfigurationPlatforms) = postSolution
		{830793BF-FE89-428D-9926-D1F4E14960C1}.Debug|Any CPU.ActiveCfg = Debug|Any CPU
		{830793BF-FE89-428D-9926-D1F4E14960C1}.Debug|Any CPU.Build.0 = Debug|Any CPU
		{830793BF-FE89-428D-9926-D1F4E14960C1}.Release|Any CPU.ActiveCfg = Release|Any CPU
		{830793BF-FE89-428D-9926-D1F4E14960C1}.Release|Any CPU.Build.0 = Release|Any CPU
	EndGlobalSection
	GlobalSection(SolutionProperties) = preSolution
		HideSolutionNode = FALSE
	EndGlobalSection
	GlobalSection(ExtensibilityGlobals) = postSolution
		SolutionGuid = {CE2F9563-0DA4-4561-B533-B6928079ACD3}
	EndGlobalSection
EndGlobal
